
Microsoft Visual Studio Solution File, Format Version 12.00
# Visual Studio Version 17
VisualStudioVersion = 17.4.33205.214
MinimumVisualStudioVersion = 10.0.40219.1
Project("{FAE04EC0-301F-11D3-BF4B-00C04F79EFBC}") = "generics", "generics\generics.csproj", "{210BA013-7343-45FF-83A8-9494A27D6961}"
EndProject
Global
	GlobalSection(SolutionConfigurationPlatforms) = preSolution
		Debug|Any CPU = Debug|Any CPU
		Release|Any CPU = Release|Any CPU
	EndGlobalSection
	GlobalSection(ProjectConfigurationPlatforms) = postSolution
		{210BA013-7343-45FF-83A8-9494A27D6961}.Debug|Any CPU.ActiveCfg = Debug|Any CPU
		{210BA013-7343-45FF-83A8-9494A27D6961}.Debug|Any CPU.Build.0 = Debug|Any CPU
		{210BA013-7343-45FF-83A8-9494A27D6961}.Release|Any CPU.ActiveCfg = Release|Any CPU
		{210BA013-7343-45FF-83A8-9494A27D6961}.Release|Any CPU.Build.0 = Release|Any CPU
	EndGlobalSection
	GlobalSection(SolutionProperties) = preSolution
		HideSolutionNode = FALSE
	EndGlobalSection
	GlobalSection(ExtensibilityGlobals) = postSolution
		SolutionGuid = {68F5E2F5-B129-4BF6-BB55-30826BB0AFA7}
	EndGlobalSection
EndGlobal
